[[package]]
category = "dev"
description = "Atomic file writes."
marker = "sys_platform == \"win32\""
name = "atomicwrites"
optional = false
python-versions = ">=2.7, !=3.0.*, !=3.1.*, !=3.2.*, !=3.3.*"
version = "1.4.0"

[[package]]
category = "dev"
description = "Classes Without Boilerplate"
name = "attrs"
optional = false
python-versions = ">=2.7, !=3.0.*, !=3.1.*, !=3.2.*, !=3.3.*"
version = "19.3.0"

[package.extras]
azure-pipelines = ["coverage", "hypothesis", "pympler", "pytest (>=4.3.0)", "six", "zope.interface", "pytest-azurepipelines"]
dev = ["coverage", "hypothesis", "pympler", "pytest (>=4.3.0)", "six", "zope.interface", "sphinx", "pre-commit"]
docs = ["sphinx", "zope.interface"]
tests = ["coverage", "hypothesis", "pympler", "pytest (>=4.3.0)", "six", "zope.interface"]

[[package]]
category = "dev"
description = "Python Library for Studying Binary Trees"
name = "binarytree"
optional = false
python-versions = "*"
version = "5.1.0"

[[package]]
category = "dev"
description = "Cross-platform colored terminal text."
marker = "sys_platform == \"win32\""
name = "colorama"
optional = false
python-versions = ">=2.7, !=3.0.*, !=3.1.*, !=3.2.*, !=3.3.*, !=3.4.*"
version = "0.4.3"

[[package]]
category = "dev"
description = "Code coverage measurement for Python"
name = "coverage"
optional = false
python-versions = ">=2.7, !=3.0.*, !=3.1.*, !=3.2.*, !=3.3.*, !=3.4.*, <4"
version = "5.2.1"

[package.extras]
toml = ["toml"]

[[package]]
category = "dev"
description = "Read metadata from Python packages"
marker = "python_version < \"3.8\""
name = "importlib-metadata"
optional = false
python-versions = "!=3.0.*,!=3.1.*,!=3.2.*,!=3.3.*,!=3.4.*,>=2.7"
version = "1.7.0"

[package.dependencies]
zipp = ">=0.5"

[package.extras]
docs = ["sphinx", "rst.linker"]
testing = ["packaging", "pep517", "importlib-resources (>=1.3)"]

[[package]]
category = "dev"
description = "iniconfig: brain-dead simple config-ini parsing"
name = "iniconfig"
optional = false
python-versions = "*"
version = "1.0.1"

[[package]]
category = "dev"
description = "More routines for operating on iterables, beyond itertools"
name = "more-itertools"
optional = false
python-versions = ">=3.5"
version = "8.4.0"

[[package]]
category = "dev"
description = "Core utilities for Python packages"
name = "packaging"
optional = false
python-versions = ">=2.7, !=3.0.*, !=3.1.*, !=3.2.*, !=3.3.*"
version = "20.4"

[package.dependencies]
pyparsing = ">=2.0.2"
six = "*"

[[package]]
category = "dev"
description = "plugin and hook calling mechanisms for python"
name = "pluggy"
optional = false
python-versions = ">=2.7, !=3.0.*, !=3.1.*, !=3.2.*, !=3.3.*"
version = "0.13.1"

[package.dependencies]
[package.dependencies.importlib-metadata]
python = "<3.8"
version = ">=0.12"

[package.extras]
dev = ["pre-commit", "tox"]

[[package]]
category = "dev"
description = "library with cross-python path, ini-parsing, io, code, log facilities"
name = "py"
optional = false
python-versions = ">=2.7, !=3.0.*, !=3.1.*, !=3.2.*, !=3.3.*"
version = "1.9.0"

[[package]]
category = "dev"
description = "Get CPU info with pure Python 2 & 3"
name = "py-cpuinfo"
optional = false
python-versions = "*"
version = "7.0.0"

[[package]]
category = "dev"
description = "Python parsing module"
name = "pyparsing"
optional = false
python-versions = ">=2.6, !=3.0.*, !=3.1.*, !=3.2.*"
version = "2.4.7"

[[package]]
category = "dev"
description = "pytest: simple powerful testing with Python"
name = "pytest"
optional = false
python-versions = ">=3.5"
version = "6.0.1"

[package.dependencies]
atomicwrites = ">=1.0"
attrs = ">=17.4.0"
colorama = "*"
iniconfig = "*"
more-itertools = ">=4.0.0"
packaging = "*"
pluggy = ">=0.12,<1.0"
py = ">=1.8.2"
toml = "*"

[package.dependencies.importlib-metadata]
python = "<3.8"
version = ">=0.12"

[package.extras]
checkqa_mypy = ["mypy (0.780)"]
testing = ["argcomplete", "hypothesis (>=3.56)", "mock", "nose", "requests", "xmlschema"]

[[package]]
category = "dev"
description = "A ``pytest`` fixture for benchmarking code. It will group the tests into rounds that are calibrated to the chosen timer. See calibration_ and FAQ_."
name = "pytest-benchmark"
optional = false
python-versions = ">=2.7, !=3.0.*, !=3.1.*, !=3.2.*, !=3.3.*, !=3.4.*"
version = "3.2.3"

[package.dependencies]
py-cpuinfo = "*"
pytest = ">=3.8"

[package.extras]
aspect = ["aspectlib"]
elasticsearch = ["elasticsearch"]
histogram = ["pygal", "pygaljs"]

[[package]]
category = "dev"
description = "Pytest plugin for measuring coverage."
name = "pytest-cov"
optional = false
python-versions = ">=2.7, !=3.0.*, !=3.1.*, !=3.2.*, !=3.3.*, !=3.4.*"
version = "2.10.1"

[package.dependencies]
coverage = ">=4.4"
pytest = ">=4.6"

[package.extras]
testing = ["fields", "hunter", "process-tests (2.0.2)", "six", "pytest-xdist", "virtualenv"]

[[package]]
category = "dev"
description = "Data Structures package for Problem Solving with Algorithms and Data Structures using Python"
name = "pythonds3"
optional = false
python-versions = "*"
version = "3.0.3"

[[package]]
category = "dev"
description = "Python 2 and 3 compatibility utilities"
name = "six"
optional = false
python-versions = ">=2.7, !=3.0.*, !=3.1.*, !=3.2.*"
version = "1.15.0"

[[package]]
category = "dev"
description = "Python Library for Tom's Obvious, Minimal Language"
name = "toml"
optional = false
python-versions = "*"
version = "0.10.1"

[[package]]
category = "dev"
description = "Backport of pathlib-compatible object wrapper for zip files"
marker = "python_version < \"3.8\""
name = "zipp"
optional = false
python-versions = ">=3.6"
version = "3.1.0"

[package.extras]
docs = ["sphinx", "jaraco.packaging (>=3.2)", "rst.linker (>=1.9)"]
testing = ["jaraco.itertools", "func-timeout"]

[metadata]
content-hash = "e190b9cc2a9c378fc200af2038945c116851e3287921ac116b07e74f4e1f5931"
python-versions = "^3.6"

[metadata.files]
atomicwrites = [
    {file = "atomicwrites-1.4.0-py2.py3-none-any.whl", hash = "sha256:6d1784dea7c0c8d4a5172b6c620f40b6e4cbfdf96d783691f2e1302a7b88e197"},
    {file = "atomicwrites-1.4.0.tar.gz", hash = "sha256:ae70396ad1a434f9c7046fd2dd196fc04b12f9e91ffb859164193be8b6168a7a"},
]
attrs = [
    {file = "attrs-19.3.0-py2.py3-none-any.whl", hash = "sha256:08a96c641c3a74e44eb59afb61a24f2cb9f4d7188748e76ba4bb5edfa3cb7d1c"},
    {file = "attrs-19.3.0.tar.gz", hash = "sha256:f7b7ce16570fe9965acd6d30101a28f62fb4a7f9e926b3bbc9b61f8b04247e72"},
]
binarytree = [
    {file = "binarytree-5.1.0-py2.py3-none-any.whl", hash = "sha256:9f21efc73c66cdcc88b97b27eb02c3565e46088cf9b0f66089d221a87c8dc557"},
    {file = "binarytree-5.1.0.tar.gz", hash = "sha256:6b8c5f6b298993015a3181f7e6d88e4b0be6632a649cc690a273a653d8dd6b1b"},
]
colorama = [
    {file = "colorama-0.4.3-py2.py3-none-any.whl", hash = "sha256:7d73d2a99753107a36ac6b455ee49046802e59d9d076ef8e47b61499fa29afff"},
    {file = "colorama-0.4.3.tar.gz", hash = "sha256:e96da0d330793e2cb9485e9ddfd918d456036c7149416295932478192f4436a1"},
]
coverage = [
    {file = "coverage-5.2.1-cp27-cp27m-macosx_10_13_intel.whl", hash = "sha256:40f70f81be4d34f8d491e55936904db5c527b0711b2a46513641a5729783c2e4"},
    {file = "coverage-5.2.1-cp27-cp27m-macosx_10_9_x86_64.whl", hash = "sha256:675192fca634f0df69af3493a48224f211f8db4e84452b08d5fcebb9167adb01"},
    {file = "coverage-5.2.1-cp27-cp27m-manylinux1_i686.whl", hash = "sha256:2fcc8b58953d74d199a1a4d633df8146f0ac36c4e720b4a1997e9b6327af43a8"},
    {file = "coverage-5.2.1-cp27-cp27m-manylinux1_x86_64.whl", hash = "sha256:64c4f340338c68c463f1b56e3f2f0423f7b17ba6c3febae80b81f0e093077f59"},
    {file = "coverage-5.2.1-cp27-cp27m-win32.whl", hash = "sha256:52f185ffd3291196dc1aae506b42e178a592b0b60a8610b108e6ad892cfc1bb3"},
    {file = "coverage-5.2.1-cp27-cp27m-win_amd64.whl", hash = "sha256:30bc103587e0d3df9e52cd9da1dd915265a22fad0b72afe54daf840c984b564f"},
    {file = "coverage-5.2.1-cp27-cp27mu-manylinux1_i686.whl", hash = "sha256:9ea749fd447ce7fb1ac71f7616371f04054d969d412d37611716721931e36efd"},
    {file = "coverage-5.2.1-cp27-cp27mu-manylinux1_x86_64.whl", hash = "sha256:ce7866f29d3025b5b34c2e944e66ebef0d92e4a4f2463f7266daa03a1332a651"},
    {file = "coverage-5.2.1-cp35-cp35m-macosx_10_13_x86_64.whl", hash = "sha256:4869ab1c1ed33953bb2433ce7b894a28d724b7aa76c19b11e2878034a4e4680b"},
    {file = "coverage-5.2.1-cp35-cp35m-manylinux1_i686.whl", hash = "sha256:a3ee9c793ffefe2944d3a2bd928a0e436cd0ac2d9e3723152d6fd5398838ce7d"},
    {file = "coverage-5.2.1-cp35-cp35m-manylinux1_x86_64.whl", hash = "sha256:28f42dc5172ebdc32622a2c3f7ead1b836cdbf253569ae5673f499e35db0bac3"},
    {file = "coverage-5.2.1-cp35-cp35m-win32.whl", hash = "sha256:e26c993bd4b220429d4ec8c1468eca445a4064a61c74ca08da7429af9bc53bb0"},
    {file = "coverage-5.2.1-cp35-cp35m-win_amd64.whl", hash = "sha256:4186fc95c9febeab5681bc3248553d5ec8c2999b8424d4fc3a39c9cba5796962"},
    {file = "coverage-5.2.1-cp36-cp36m-macosx_10_13_x86_64.whl", hash = "sha256:b360d8fd88d2bad01cb953d81fd2edd4be539df7bfec41e8753fe9f4456a5082"},
    {file = "coverage-5.2.1-cp36-cp36m-manylinux1_i686.whl", hash = "sha256:1adb6be0dcef0cf9434619d3b892772fdb48e793300f9d762e480e043bd8e716"},
    {file = "coverage-5.2.1-cp36-cp36m-manylinux1_x86_64.whl", hash = "sha256:098a703d913be6fbd146a8c50cc76513d726b022d170e5e98dc56d958fd592fb"},
    {file = "coverage-5.2.1-cp36-cp36m-win32.whl", hash = "sha256:962c44070c281d86398aeb8f64e1bf37816a4dfc6f4c0f114756b14fc575621d"},
    {file = "coverage-5.2.1-cp36-cp36m-win_amd64.whl", hash = "sha256:b1ed2bdb27b4c9fc87058a1cb751c4df8752002143ed393899edb82b131e0546"},
    {file = "coverage-5.2.1-cp37-cp37m-macosx_10_13_x86_64.whl", hash = "sha256:c890728a93fffd0407d7d37c1e6083ff3f9f211c83b4316fae3778417eab9811"},
    {file = "coverage-5.2.1-cp37-cp37m-manylinux1_i686.whl", hash = "sha256:538f2fd5eb64366f37c97fdb3077d665fa946d2b6d95447622292f38407f9258"},
    {file = "coverage-5.2.1-cp37-cp37m-manylinux1_x86_64.whl", hash = "sha256:27ca5a2bc04d68f0776f2cdcb8bbd508bbe430a7bf9c02315cd05fb1d86d0034"},
    {file = "coverage-5.2.1-cp37-cp37m-win32.whl", hash = "sha256:aab75d99f3f2874733946a7648ce87a50019eb90baef931698f96b76b6769a46"},
    {file = "coverage-5.2.1-cp37-cp37m-win_amd64.whl", hash = "sha256:c2ff24df02a125b7b346c4c9078c8936da06964cc2d276292c357d64378158f8"},
    {file = "coverage-5.2.1-cp38-cp38-macosx_10_9_x86_64.whl", hash = "sha256:304fbe451698373dc6653772c72c5d5e883a4aadaf20343592a7abb2e643dae0"},
    {file = "coverage-5.2.1-cp38-cp38-manylinux1_i686.whl", hash = "sha256:c96472b8ca5dc135fb0aa62f79b033f02aa434fb03a8b190600a5ae4102df1fd"},
    {file = "coverage-5.2.1-cp38-cp38-manylinux1_x86_64.whl", hash = "sha256:8505e614c983834239f865da2dd336dcf9d72776b951d5dfa5ac36b987726e1b"},
    {file = "coverage-5.2.1-cp38-cp38-win32.whl", hash = "sha256:700997b77cfab016533b3e7dbc03b71d33ee4df1d79f2463a318ca0263fc29dd"},
    {file = "coverage-5.2.1-cp38-cp38-win_amd64.whl", hash = "sha256:46794c815e56f1431c66d81943fa90721bb858375fb36e5903697d5eef88627d"},
    {file = "coverage-5.2.1-cp39-cp39-macosx_10_13_x86_64.whl", hash = "sha256:16042dc7f8e632e0dcd5206a5095ebd18cb1d005f4c89694f7f8aafd96dd43a3"},
    {file = "coverage-5.2.1-cp39-cp39-manylinux1_i686.whl", hash = "sha256:c1bbb628ed5192124889b51204de27c575b3ffc05a5a91307e7640eff1d48da4"},
    {file = "coverage-5.2.1-cp39-cp39-manylinux1_x86_64.whl", hash = "sha256:4f6428b55d2916a69f8d6453e48a505c07b2245653b0aa9f0dee38785939f5e4"},
    {file = "coverage-5.2.1-cp39-cp39-win32.whl", hash = "sha256:9e536783a5acee79a9b308be97d3952b662748c4037b6a24cbb339dc7ed8eb89"},
    {file = "coverage-5.2.1-cp39-cp39-win_amd64.whl", hash = "sha256:b8f58c7db64d8f27078cbf2a4391af6aa4e4767cc08b37555c4ae064b8558d9b"},
    {file = "coverage-5.2.1.tar.gz", hash = "sha256:a34cb28e0747ea15e82d13e14de606747e9e484fb28d63c999483f5d5188e89b"},
]
importlib-metadata = [
    {file = "importlib_metadata-1.7.0-py2.py3-none-any.whl", hash = "sha256:dc15b2969b4ce36305c51eebe62d418ac7791e9a157911d58bfb1f9ccd8e2070"},
    {file = "importlib_metadata-1.7.0.tar.gz", hash = "sha256:90bb658cdbbf6d1735b6341ce708fc7024a3e14e99ffdc5783edea9f9b077f83"},
]
iniconfig = [
    {file = "iniconfig-1.0.1-py3-none-any.whl", hash = "sha256:80cf40c597eb564e86346103f609d74efce0f6b4d4f30ec8ce9e2c26411ba437"},
    {file = "iniconfig-1.0.1.tar.gz", hash = "sha256:e5f92f89355a67de0595932a6c6c02ab4afddc6fcdc0bfc5becd0d60884d3f69"},
]
more-itertools = [
    {file = "more-itertools-8.4.0.tar.gz", hash = "sha256:68c70cc7167bdf5c7c9d8f6954a7837089c6a36bf565383919bb595efb8a17e5"},
    {file = "more_itertools-8.4.0-py3-none-any.whl", hash = "sha256:b78134b2063dd214000685165d81c154522c3ee0a1c0d4d113c80361c234c5a2"},
]
packaging = [
    {file = "packaging-20.4-py2.py3-none-any.whl", hash = "sha256:998416ba6962ae7fbd6596850b80e17859a5753ba17c32284f67bfff33784181"},
    {file = "packaging-20.4.tar.gz", hash = "sha256:4357f74f47b9c12db93624a82154e9b120fa8293699949152b22065d556079f8"},
]
pluggy = [
    {file = "pluggy-0.13.1-py2.py3-none-any.whl", hash = "sha256:966c145cd83c96502c3c3868f50408687b38434af77734af1e9ca461a4081d2d"},
    {file = "pluggy-0.13.1.tar.gz", hash = "sha256:15b2acde666561e1298d71b523007ed7364de07029219b604cf808bfa1c765b0"},
]
py = [
    {file = "py-1.9.0-py2.py3-none-any.whl", hash = "sha256:366389d1db726cd2fcfc79732e75410e5fe4d31db13692115529d34069a043c2"},
    {file = "py-1.9.0.tar.gz", hash = "sha256:9ca6883ce56b4e8da7e79ac18787889fa5206c79dcc67fb065376cd2fe03f342"},
]
py-cpuinfo = [
    {file = "py-cpuinfo-7.0.0.tar.gz", hash = "sha256:9aa2e49675114959697d25cf57fec41c29b55887bff3bc4809b44ac6f5730097"},
]
pyparsing = [
    {file = "pyparsing-2.4.7-py2.py3-none-any.whl", hash = "sha256:ef9d7589ef3c200abe66653d3f1ab1033c3c419ae9b9bdb1240a85b024efc88b"},
    {file = "pyparsing-2.4.7.tar.gz", hash = "sha256:c203ec8783bf771a155b207279b9bccb8dea02d8f0c9e5f8ead507bc3246ecc1"},
]
pytest = [
    {file = "pytest-6.0.1-py3-none-any.whl", hash = "sha256:8b6007800c53fdacd5a5c192203f4e531eb2a1540ad9c752e052ec0f7143dbad"},
    {file = "pytest-6.0.1.tar.gz", hash = "sha256:85228d75db9f45e06e57ef9bf4429267f81ac7c0d742cc9ed63d09886a9fe6f4"},
]
pytest-benchmark = [
    {file = "pytest-benchmark-3.2.3.tar.gz", hash = "sha256:ad4314d093a3089701b24c80a05121994c7765ce373478c8f4ba8d23c9ba9528"},
    {file = "pytest_benchmark-3.2.3-py2.py3-none-any.whl", hash = "sha256:01f79d38d506f5a3a0a9ada22ded714537bbdfc8147a881a35c1655db07289d9"},
]
pytest-cov = [
    {file = "pytest-cov-2.10.1.tar.gz", hash = "sha256:47bd0ce14056fdd79f93e1713f88fad7bdcc583dcd7783da86ef2f085a0bb88e"},
    {file = "pytest_cov-2.10.1-py2.py3-none-any.whl", hash = "sha256:45ec2d5182f89a81fc3eb29e3d1ed3113b9e9a873bcddb2a71faaab066110191"},
]
pythonds3 = [
    {file = "pythonds3-3.0.3-py3-none-any.whl", hash = "sha256:9a83ea9ae8976347377a9af1aedb84ce65bce0a96dee9e46e1772f1054f46009"},
    {file = "pythonds3-3.0.3.tar.gz", hash = "sha256:a7b53d422c5c5be80a41b1fd8697616313607b753fbebbb38fb3346e0e80eade"},
]
six = [
    {file = "six-1.15.0-py2.py3-none-any.whl", hash = "sha256:8b74bedcbbbaca38ff6d7491d76f2b06b3592611af620f8426e82dddb04a5ced"},
    {file = "six-1.15.0.tar.gz", hash = "sha256:30639c035cdb23534cd4aa2dd52c3bf48f06e5f4a941509c8bafd8ce11080259"},
]
toml = [
    {file = "toml-0.10.1-py2.py3-none-any.whl", hash = "sha256:bda89d5935c2eac546d648028b9901107a595863cb36bae0c73ac804a9b4ce88"},
    {file = "toml-0.10.1.tar.gz", hash = "sha256:926b612be1e5ce0634a2ca03470f95169cf16f939018233a670519cb4ac58b0f"},
]
zipp = [
    {file = "zipp-3.1.0-py3-none-any.whl", hash = "sha256:aa36550ff0c0b7ef7fa639055d797116ee891440eac1a56f378e2d3179e0320b"},
    {file = "zipp-3.1.0.tar.gz", hash = "sha256:c599e4d75c98f6798c509911d08a22e6c021d074469042177c8c86fb92eefd96"},
]
